
Microsoft Visual Studio Solution File, Format Version 12.00
# Visual Studio Version 16
VisualStudioVersion = 16.0.30621.155
MinimumVisualStudioVersion = 10.0.40219.1
Project("{8BC9CEB8-8B4A-11D0-8D11-00A0C91BC942}") = "Lab6", "Lab6\Lab6.vcxproj", "{C460994D-6782-4133-A922-3DE49C358801}"
EndProject
Global
	GlobalSection(SolutionConfigurationPlatforms) = preSolution
		Debug|x64 = Debug|x64
		Debug|x86 = Debug|x86
		Release|x64 = Release|x64
		Release|x86 = Release|x86
	EndGlobalSection
	GlobalSection(ProjectConfigurationPlatforms) = postSolution
		{C460994D-6782-4133-A922-3DE49C358801}.Debug|x64.ActiveCfg = Debug|x64
		{C460994D-6782-4133-A922-3DE49C358801}.Debug|x64.Build.0 = Debug|x64
		{C460994D-6782-4133-A922-3DE49C358801}.Debug|x86.ActiveCfg = Debug|Win32
		{C460994D-6782-4133-A922-3DE49C358801}.Debug|x86.Build.0 = Debug|Win32
		{C460994D-6782-4133-A922-3DE49C358801}.Release|x64.ActiveCfg = Release|x64
		{C460994D-6782-4133-A922-3DE49C358801}.Release|x64.Build.0 = Release|x64
		{C460994D-6782-4133-A922-3DE49C358801}.Release|x86.ActiveCfg = Release|Win32
		{C460994D-6782-4133-A922-3DE49C358801}.Release|x86.Build.0 = Release|Win32
	EndGlobalSection
	GlobalSection(SolutionProperties) = preSolution
		HideSolutionNode = FALSE
	EndGlobalSection
	GlobalSection(ExtensibilityGlobals) = postSolution
		SolutionGuid = {C30AAED2-A2E0-4F11-BB9E-082154E27E8A}
	EndGlobalSection
EndGlobal
